
Microsoft Visual Studio Solution File, Format Version 12.00
# Visual Studio Version 17
VisualStudioVersion = 17.2.32616.157
MinimumVisualStudioVersion = 10.0.40219.1
Project("{FAE04EC0-301F-11D3-BF4B-00C04F79EFBC}") = "приложение", "приложение.csproj", "{371024A8-B8CE-42A3-B68C-037CAF72AD2D}"
EndProject
Global
	GlobalSection(SolutionConfigurationPlatforms) = preSolution
		Debug|Any CPU = Debug|Any CPU
		Release|Any CPU = Release|Any CPU
	EndGlobalSection
	GlobalSection(ProjectConfigurationPlatforms) = postSolution
		{371024A8-B8CE-42A3-B68C-037CAF72AD2D}.Debug|Any CPU.ActiveCfg = Debug|Any CPU
		{371024A8-B8CE-42A3-B68C-037CAF72AD2D}.Debug|Any CPU.Build.0 = Debug|Any CPU
		{371024A8-B8CE-42A3-B68C-037CAF72AD2D}.Release|Any CPU.ActiveCfg = Release|Any CPU
		{371024A8-B8CE-42A3-B68C-037CAF72AD2D}.Release|Any CPU.Build.0 = Release|Any CPU
	EndGlobalSection
	GlobalSection(SolutionProperties) = preSolution
		HideSolutionNode = FALSE
	EndGlobalSection
	GlobalSection(ExtensibilityGlobals) = postSolution
		SolutionGuid = {763A85F9-43FD-4498-A9A2-F57263AF779E}
	EndGlobalSection
EndGlobal
